
Microsoft Visual Studio Solution File, Format Version 12.00
# Visual Studio 15
VisualStudioVersion = 15.0.27703.2026
MinimumVisualStudioVersion = 10.0.40219.1
Project("{FAE04EC0-301F-11D3-BF4B-00C04F79EFBC}") = "WebApplication", "WebApplication\WebApplication.csproj", "{2663430F-6A4A-47F1-8DAC-32FBF86704E6}"
EndProject
Project("{FAE04EC0-301F-11D3-BF4B-00C04F79EFBC}") = "LIB_Conexao", "LIB_Conexao\LIB_Conexao.csproj", "{1B9D0706-A8CA-436B-A888-F7AAB403EB6E}"
EndProject
Global
	GlobalSection(SolutionConfigurationPlatforms) = preSolution
		Debug|Any CPU = Debug|Any CPU
		Release|Any CPU = Release|Any CPU
	EndGlobalSection
	GlobalSection(ProjectConfigurationPlatforms) = postSolution
		{2663430F-6A4A-47F1-8DAC-32FBF86704E6}.Debug|Any CPU.ActiveCfg = Debug|Any CPU
		{2663430F-6A4A-47F1-8DAC-32FBF86704E6}.Debug|Any CPU.Build.0 = Debug|Any CPU
		{2663430F-6A4A-47F1-8DAC-32FBF86704E6}.Release|Any CPU.ActiveCfg = Release|Any CPU
		{2663430F-6A4A-47F1-8DAC-32FBF86704E6}.Release|Any CPU.Build.0 = Release|Any CPU
		{1B9D0706-A8CA-436B-A888-F7AAB403EB6E}.Debug|Any CPU.ActiveCfg = Debug|Any CPU
		{1B9D0706-A8CA-436B-A888-F7AAB403EB6E}.Debug|Any CPU.Build.0 = Debug|Any CPU
		{1B9D0706-A8CA-436B-A888-F7AAB403EB6E}.Release|Any CPU.ActiveCfg = Release|Any CPU
		{1B9D0706-A8CA-436B-A888-F7AAB403EB6E}.Release|Any CPU.Build.0 = Release|Any CPU
	EndGlobalSection
	GlobalSection(SolutionProperties) = preSolution
		HideSolutionNode = FALSE
	EndGlobalSection
	GlobalSection(ExtensibilityGlobals) = postSolution
		SolutionGuid = {7005C9B4-D8A0-4078-9831-379818D6F5CC}
	EndGlobalSection
EndGlobal
